PODS:
  - Material (2.12.16):
    - Material/Core (= 2.12.16)
  - Material/Core (2.12.16):
    - Motion (~> 1.2.5)
  - Motion (1.2.5):
    - Motion/Core (= 1.2.5)
  - Motion/Core (1.2.5)

DEPENDENCIES:
  - Material

SPEC CHECKSUMS:
  Material: 00fdeb39f5d97dc19f09b160e8b95c47e2ed708d
  Motion: 88a8bee21926af792333f4b9e7170f710e9e48f3

PODFILE CHECKSUM: cfdf5740f7acea79262aa1cb774f5040c06a908a

COCOAPODS: 1.2.0
